// !$*UTF8*$!
{
	archiveVersion = 1;
	classes = {
	};
	objectVersion = 46;
	objects = {

/* Begin PBXBuildFile section */
		B3AA156D1A4AB145003B14E4 /* ResourcePath.mm in Sources */ = {isa = PBXBuildFile; fileRef = B3AA156C1A4AB145003B14E4 /* ResourcePath.mm */; };
		B3AA15701A4AB145003B14E4 /* main.cpp in Sources */ = {isa = PBXBuildFile; fileRef = B3AA156F1A4AB145003B14E4 /* main.cpp */; };
		B3AA15801A4AB1E1003B14E4 /* laby.png in Resources */ = {isa = PBXBuildFile; fileRef = B3AA157F1A4AB1E1003B14E4 /* laby.png */; };
		B3AA15821A4AB250003B14E4 /* parquet.jpg in Resources */ = {isa = PBXBuildFile; fileRef = B3AA15811A4AB250003B14E4 /* parquet.jpg */; };
		B3AA15841A4AB2D4003B14E4 /* OldeEnglish.ttf in Resources */ = {isa = PBXBuildFile; fileRef = B3AA15831A4AB2D4003B14E4 /* OldeEnglish.ttf */; };
		B3AA15861A4AB391003B14E4 /* horror.mp3 in Resources */ = {isa = PBXBuildFile; fileRef = B3AA15851A4AB391003B14E4 /* horror.mp3 */; };
		B3AA15881A4AB3EA003B14E4 /* horror.ogg in Resources */ = {isa = PBXBuildFile; fileRef = B3AA15871A4AB3EA003B14E4 /* horror.ogg */; };
		B3AA158A1A4AB61D003B14E4 /* perso.png in Resources */ = {isa = PBXBuildFile; fileRef = B3AA15891A4AB61D003B14E4 /* perso.png */; };
		B3AA158F1A4AC098003B14E4 /* Graph.cpp in Sources */ = {isa = PBXBuildFile; fileRef = B3AA158D1A4AC098003B14E4 /* Graph.cpp */; };
		B3AA15911A4AC513003B14E4 /* parquet2.jpg in Resources */ = {isa = PBXBuildFile; fileRef = B3AA15901A4AC513003B14E4 /* parquet2.jpg */; };
		B3AA15A01A4ACEE9003B14E4 /* plan.pln in Resources */ = {isa = PBXBuildFile; fileRef = B3AA159F1A4ACEE9003B14E4 /* plan.pln */; };
		B3AA15AC1A4C8A2B003B14E4 /* Character.cpp in Sources */ = {isa = PBXBuildFile; fileRef = B3AA15AA1A4C8A2B003B14E4 /* Character.cpp */; };
		B3AA15AF1A4C8C2A003B14E4 /* Labyrinthe.cpp in Sources */ = {isa = PBXBuildFile; fileRef = B3AA15AD1A4C8C2A003B14E4 /* Labyrinthe.cpp */; };
		B3AA15B21A4C8C6E003B14E4 /* Salle.cpp in Sources */ = {isa = PBXBuildFile; fileRef = B3AA15B01A4C8C6E003B14E4 /* Salle.cpp */; };
		B3AA15B41A4DD177003B14E4 /* victory.ogg in Resources */ = {isa = PBXBuildFile; fileRef = B3AA15B31A4DD177003B14E4 /* victory.ogg */; };
		B3AA15B61A4DFF6E003B14E4 /* azatoth.png in Resources */ = {isa = PBXBuildFile; fileRef = B3AA15B51A4DFF6E003B14E4 /* azatoth.png */; };
/* End PBXBuildFile section */

/* Begin PBXFileReference section */
		B3AA15671A4AB145003B14E4 /* laby.app */ = {isa = PBXFileReference; explicitFileType = wrapper.application; includeInIndex = 0; path = laby.app; sourceTree = BUILT_PRODUCTS_DIR; };
		B3AA156B1A4AB145003B14E4 /* laby-Info.plist */ = {isa = PBXFileReference; lastKnownFileType = text.plist.xml; path = "laby-Info.plist"; sourceTree = "<group>"; };
		B3AA156C1A4AB145003B14E4 /* ResourcePath.mm */ = {isa = PBXFileReference; lastKnownFileType = sourcecode.cpp.objcpp; path = ResourcePath.mm; sourceTree = "<group>"; };
		B3AA156E1A4AB145003B14E4 /* ResourcePath.hpp */ = {isa = PBXFileReference; lastKnownFileType = sourcecode.cpp.h; path = ResourcePath.hpp; sourceTree = "<group>"; };
		B3AA156F1A4AB145003B14E4 /* main.cpp */ = {isa = PBXFileReference; lastKnownFileType = sourcecode.cpp.cpp; path = main.cpp; sourceTree = "<group>"; };
		B3AA157F1A4AB1E1003B14E4 /* laby.png */ = {isa = PBXFileReference; lastKnownFileType = image.png; path = laby.png; sourceTree = "<group>"; };
		B3AA15811A4AB250003B14E4 /* parquet.jpg */ = {isa = PBXFileReference; lastKnownFileType = image.jpeg; path = parquet.jpg; sourceTree = "<group>"; };
		B3AA15831A4AB2D4003B14E4 /* OldeEnglish.ttf */ = {isa = PBXFileReference; lastKnownFileType = file; path = OldeEnglish.ttf; sourceTree = "<group>"; };
		B3AA15851A4AB391003B14E4 /* horror.mp3 */ = {isa = PBXFileReference; lastKnownFileType = audio.mp3; path = horror.mp3; sourceTree = "<group>"; };
		B3AA15871A4AB3EA003B14E4 /* horror.ogg */ = {isa = PBXFileReference; lastKnownFileType = file; path = horror.ogg; sourceTree = "<group>"; };
		B3AA15891A4AB61D003B14E4 /* perso.png */ = {isa = PBXFileReference; lastKnownFileType = image.png; path = perso.png; sourceTree = "<group>"; };
		B3AA158D1A4AC098003B14E4 /* Graph.cpp */ = {isa = PBXFileReference; fileEncoding = 4; lastKnownFileType = sourcecode.cpp.cpp; path = Graph.cpp; sourceTree = "<group>"; };
		B3AA158E1A4AC098003B14E4 /* Graph.h */ = {isa = PBXFileReference; fileEncoding = 4; lastKnownFileType = sourcecode.c.h; path = Graph.h; sourceTree = "<group>"; };
		B3AA15901A4AC513003B14E4 /* parquet2.jpg */ = {isa = PBXFileReference; lastKnownFileType = image.jpeg; path = parquet2.jpg; sourceTree = "<group>"; };
		B3AA159F1A4ACEE9003B14E4 /* plan.pln */ = {isa = PBXFileReference; fileEncoding = 4; lastKnownFileType = text; path = plan.pln; sourceTree = "<group>"; };
		B3AA15AA1A4C8A2B003B14E4 /* Character.cpp */ = {isa = PBXFileReference; fileEncoding = 4; lastKnownFileType = sourcecode.cpp.cpp; path = Character.cpp; sourceTree = "<group>"; };
		B3AA15AB1A4C8A2B003B14E4 /* Character.h */ = {isa = PBXFileReference; fileEncoding = 4; lastKnownFileType = sourcecode.c.h; path = Character.h; sourceTree = "<group>"; };
		B3AA15AD1A4C8C2A003B14E4 /* Labyrinthe.cpp */ = {isa = PBXFileReference; fileEncoding = 4; lastKnownFileType = sourcecode.cpp.cpp; path = Labyrinthe.cpp; sourceTree = "<group>"; };
		B3AA15AE1A4C8C2A003B14E4 /* Labyrinthe.h */ = {isa = PBXFileReference; fileEncoding = 4; lastKnownFileType = sourcecode.c.h; path = Labyrinthe.h; sourceTree = "<group>"; };
		B3AA15B01A4C8C6E003B14E4 /* Salle.cpp */ = {isa = PBXFileReference; fileEncoding = 4; lastKnownFileType = sourcecode.cpp.cpp; path = Salle.cpp; sourceTree = "<group>"; };
		B3AA15B11A4C8C6E003B14E4 /* Salle.h */ = {isa = PBXFileReference; fileEncoding = 4; lastKnownFileType = sourcecode.c.h; path = Salle.h; sourceTree = "<group>"; };
		B3AA15B31A4DD177003B14E4 /* victory.ogg */ = {isa = PBXFileReference; lastKnownFileType = file; path = victory.ogg; sourceTree = "<group>"; };
		B3AA15B51A4DFF6E003B14E4 /* azatoth.png */ = {isa = PBXFileReference; lastKnownFileType = image.png; path = azatoth.png; sourceTree = "<group>"; };
/* End PBXFileReference section */

/* Begin PBXFrameworksBuildPhase section */
		B3AA15631A4AB145003B14E4 /* Frameworks */ = {
			isa = PBXFrameworksBuildPhase;
			buildActionMask = 2147483647;
			files = (
			);
			runOnlyForDeploymentPostprocessing = 0;
		};
/* End PBXFrameworksBuildPhase section */

/* Begin PBXGroup section */
		B3AA155D1A4AB145003B14E4 = {
			isa = PBXGroup;
			children = (
				B3AA15691A4AB145003B14E4 /* laby */,
				B3AA15681A4AB145003B14E4 /* Products */,
			);
			sourceTree = "<group>";
		};
		B3AA15681A4AB145003B14E4 /* Products */ = {
			isa = PBXGroup;
			children = (
				B3AA15671A4AB145003B14E4 /* laby.app */,
			);
			name = Products;
			sourceTree = "<group>";
		};
		B3AA15691A4AB145003B14E4 /* laby */ = {
			isa = PBXGroup;
			children = (
				B3AA156C1A4AB145003B14E4 /* ResourcePath.mm */,
				B3AA156E1A4AB145003B14E4 /* ResourcePath.hpp */,
				B3AA156F1A4AB145003B14E4 /* main.cpp */,
				B3AA15711A4AB145003B14E4 /* Resources */,
				B3AA156A1A4AB145003B14E4 /* Supporting Files */,
			);
			path = laby;
			sourceTree = "<group>";
		};
		B3AA156A1A4AB145003B14E4 /* Supporting Files */ = {
			isa = PBXGroup;
			children = (
				B3AA156B1A4AB145003B14E4 /* laby-Info.plist */,
			);
			name = "Supporting Files";
			sourceTree = "<group>";
		};
		B3AA15711A4AB145003B14E4 /* Resources */ = {
			isa = PBXGroup;
			children = (
				B3AA15B51A4DFF6E003B14E4 /* azatoth.png */,
				B3AA15B31A4DD177003B14E4 /* victory.ogg */,
				B3AA159F1A4ACEE9003B14E4 /* plan.pln */,
				B3AA15901A4AC513003B14E4 /* parquet2.jpg */,
				B3AA15891A4AB61D003B14E4 /* perso.png */,
				B3AA15871A4AB3EA003B14E4 /* horror.ogg */,
				B3AA15851A4AB391003B14E4 /* horror.mp3 */,
				B3AA15831A4AB2D4003B14E4 /* OldeEnglish.ttf */,
				B3AA15811A4AB250003B14E4 /* parquet.jpg */,
				B3AA157F1A4AB1E1003B14E4 /* laby.png */,
				B3AA158D1A4AC098003B14E4 /* Graph.cpp */,
				B3AA158E1A4AC098003B14E4 /* Graph.h */,
				B3AA15AA1A4C8A2B003B14E4 /* Character.cpp */,
				B3AA15AB1A4C8A2B003B14E4 /* Character.h */,
				B3AA15AD1A4C8C2A003B14E4 /* Labyrinthe.cpp */,
				B3AA15AE1A4C8C2A003B14E4 /* Labyrinthe.h */,
				B3AA15B01A4C8C6E003B14E4 /* Salle.cpp */,
				B3AA15B11A4C8C6E003B14E4 /* Salle.h */,
			);
			name = Resources;
			sourceTree = "<group>";
		};
/* End PBXGroup section */

/* Begin PBXNativeTarget section */
		B3AA15661A4AB145003B14E4 /* laby */ = {
			isa = PBXNativeTarget;
			buildConfigurationList = B3AA157C1A4AB145003B14E4 /* Build configuration list for PBXNativeTarget "laby" */;
			buildPhases = (
				B3AA15621A4AB145003B14E4 /* Sources */,
				B3AA15631A4AB145003B14E4 /* Frameworks */,
				B3AA15641A4AB145003B14E4 /* Resources */,
				B3AA15651A4AB145003B14E4 /* ShellScript */,
			);
			buildRules = (
			);
			dependencies = (
			);
			name = laby;
			productName = laby;
			productReference = B3AA15671A4AB145003B14E4 /* laby.app */;
			productType = "com.apple.product-type.application";
		};
/* End PBXNativeTarget section */

/* Begin PBXProject section */
		B3AA155E1A4AB145003B14E4 /* Project object */ = {
			isa = PBXProject;
			attributes = {
				LastUpgradeCheck = 0610;
				ORGANIZATIONNAME = "Loïc Brin";
				TargetAttributes = {
					B3AA15661A4AB145003B14E4 = {
						CreatedOnToolsVersion = 6.1.1;
					};
				};
			};
			buildConfigurationList = B3AA15611A4AB145003B14E4 /* Build configuration list for PBXProject "laby" */;
			compatibilityVersion = "Xcode 3.2";
			developmentRegion = English;
			hasScannedForEncodings = 0;
			knownRegions = (
				en,
			);
			mainGroup = B3AA155D1A4AB145003B14E4;
			productRefGroup = B3AA15681A4AB145003B14E4 /* Products */;
			projectDirPath = "";
			projectRoot = "";
			targets = (
				B3AA15661A4AB145003B14E4 /* laby */,
			);
		};
/* End PBXProject section */

/* Begin PBXResourcesBuildPhase section */
		B3AA15641A4AB145003B14E4 /* Resources */ = {
			isa = PBXResourcesBuildPhase;
			buildActionMask = 2147483647;
			files = (
				B3AA15821A4AB250003B14E4 /* parquet.jpg in Resources */,
				B3AA15881A4AB3EA003B14E4 /* horror.ogg in Resources */,
				B3AA158A1A4AB61D003B14E4 /* perso.png in Resources */,
				B3AA15A01A4ACEE9003B14E4 /* plan.pln in Resources */,
				B3AA15841A4AB2D4003B14E4 /* OldeEnglish.ttf in Resources */,
				B3AA15B41A4DD177003B14E4 /* victory.ogg in Resources */,
				B3AA15861A4AB391003B14E4 /* horror.mp3 in Resources */,
				B3AA15B61A4DFF6E003B14E4 /* azatoth.png in Resources */,
				B3AA15911A4AC513003B14E4 /* parquet2.jpg in Resources */,
				B3AA15801A4AB1E1003B14E4 /* laby.png in Resources */,
			);
			runOnlyForDeploymentPostprocessing = 0;
		};
/* End PBXResourcesBuildPhase section */

/* Begin PBXShellScriptBuildPhase section */
		B3AA15651A4AB145003B14E4 /* ShellScript */ = {
			isa = PBXShellScriptBuildPhase;
			buildActionMask = 2147483647;
			files = (
			);
			inputPaths = (
			);
			outputPaths = (
			);
			runOnlyForDeploymentPostprocessing = 0;
			shellPath = /bin/sh;
			shellScript = "# This shell script simply copies required SFML dylibs/frameworks into the application bundle frameworks folder.\n# If you're using static libraries (which is not recommended) you should remove this script from your project.\n\n# Are we building a project that uses frameworks or dylibs?\ncase \"$SFML_BINARY_TYPE\" in\n    DYLIBS)\n        frameworks=\"false\"\n        ;;\n    *)\n        frameworks=\"true\"\n        ;;\nesac\n\n# Echoes to stderr\nerror () # $* message to display\n{\n    echo $* 1>&2\n    exit 2\n}\n\nassert () # $1 is a boolean, $2...N is an error message\n{\n    if [ $# -lt 2 ]\n    then\n        error \"Internal error in assert : not enough args\"\n    fi\n\n    if [ $1 -ne 0 ]\n    then\n        shift\n        error \"$*\"\n    fi\n}\n\nforce_remove () # $@ is some paths\n{\n    test $# -ge 1\n    assert $? \"force_remove() requires at least one parameter\"\n    rm -fr $@\n    assert $? \"couldn't remove $@\"\n}\n\ncopy () # $1 is a source, $2 is a destination\n{\n    test $# -eq 2\n    assert $? \"copy() requires two parameters\"\n    ditto \"$1\" \"$2\"\n    assert $? \"couldn't copy $1 to $2\"\n}\n\nrequire () # $1 is a SFML module like 'system' or 'audio'\n{\n    dest=\"$BUILT_PRODUCTS_DIR/$PRODUCT_NAME.app/Contents/Frameworks\"\n\n    if [ -z \"$1\" ]\n    then\n        error \"require() requires one parameter!\"\n    else\n        # clean potentially old stuff\n        force_remove \"$dest/libsfml-$1\"*\n        force_remove \"$dest/sfml-$1.framework\"\n\n        # copy SFML libraries\n        if [ \"$frameworks\" = \"true\" ]\n        then\n            source=\"/Library/Frameworks/sfml-$1.framework\"\n            target=\"sfml-$1.framework\"\n        elif [ \"$SFML_LINK_DYLIBS_SUFFIX\" = \"-d\" ]\n        then\n            source=\"/usr/local/lib/libsfml-$1-d.dylib\"\n            target=\"`readlink $source`\"\n        else\n            source=\"/usr/local/lib/libsfml-$1.dylib\"\n            target=\"`readlink $source`\"\n        fi\n\n        copy \"$source\" \"$dest/$target\"\n\n        # copy extra dependencies\n        if [ \"$1\" = \"audio\" ]\n        then\n            # copy sndfile framework too\n            copy \"/Library/Frameworks/sndfile.framework\" \"$dest/sndfile.framework\"\n        elif [ \"$1\" = \"graphics\" ]\n        then\n            # copy freetype framework too\n            copy \"/Library/Frameworks/freetype.framework\" \"$dest/freetype.framework\"\n        fi\n    fi\n}\n\nif [ -n \"$SFML_SYSTEM\" ]\nthen\n    require \"system\"\nfi\n\nif [ -n \"$SFML_AUDIO\" ]\nthen\n    require \"audio\"\nfi\n\nif [ -n \"$SFML_NETWORK\" ]\nthen\n    require \"network\"\nfi\n\nif [ -n \"$SFML_WINDOW\" ]\nthen\n    require \"window\"\nfi\n\nif [ -n \"$SFML_GRAPHICS\" ]\nthen\n    require \"graphics\"\nfi\n\n                ";
		};
/* End PBXShellScriptBuildPhase section */

/* Begin PBXSourcesBuildPhase section */
		B3AA15621A4AB145003B14E4 /* Sources */ = {
			isa = PBXSourcesBuildPhase;
			buildActionMask = 2147483647;
			files = (
				B3AA15701A4AB145003B14E4 /* main.cpp in Sources */,
				B3AA158F1A4AC098003B14E4 /* Graph.cpp in Sources */,
				B3AA15AF1A4C8C2A003B14E4 /* Labyrinthe.cpp in Sources */,
				B3AA15B21A4C8C6E003B14E4 /* Salle.cpp in Sources */,
				B3AA156D1A4AB145003B14E4 /* ResourcePath.mm in Sources */,
				B3AA15AC1A4C8A2B003B14E4 /* Character.cpp in Sources */,
			);
			runOnlyForDeploymentPostprocessing = 0;
		};
/* End PBXSourcesBuildPhase section */

/* Begin XCBuildConfiguration section */
		B3AA157A1A4AB145003B14E4 /* Debug */ = {
			isa = XCBuildConfiguration;
			buildSettings = {
				ARCHS = (
					i386,
					x86_64,
				);
				CLANG_CXX_LANGUAGE_STANDARD = "c++0x";
				CLANG_CXX_LIBRARY = "libc++";
				FRAMEWORK_SEARCH_PATHS = (
					/Library/Frameworks/,
					"$(inherited)",
				);
				GCC_VERSION = com.apple.compilers.llvm.clang.1_0;
				HEADER_SEARCH_PATHS = (
					/usr/local/include/,
					"$(inherited)",
				);
				LIBRARY_SEARCH_PATHS = (
					/usr/local/lib/,
					"$(inherited)",
				);
				MACOSX_DEPLOYMENT_TARGET = 10.7;
				OTHER_LDFLAGS = (
					"$(inherited)",
					"$(SFML_SYSTEM)",
					"$(SFML_WINDOW)",
					"$(SFML_GRAPHICS)",
					"$(SFML_AUDIO)",
					"$(SFML_NETWORK)",
				);
				SFML_AUDIO = "$(SFML_LINK_PREFIX) sfml-audio$(SFML_LINK_SUFFIX)";
				SFML_BINARY_TYPE = FRAMEWORKS;
				SFML_GRAPHICS = "$(SFML_LINK_PREFIX) sfml-graphics$(SFML_LINK_SUFFIX)";
				SFML_LINK_DYLIBS_PREFIX = "-l";
				SFML_LINK_DYLIBS_SUFFIX = "";
				SFML_LINK_FRAMEWORKS_PREFIX = "-framework";
				SFML_LINK_FRAMEWORKS_SUFFIX = "";
				SFML_LINK_PREFIX = "$(SFML_LINK_$(SFML_BINARY_TYPE)_PREFIX)";
				SFML_LINK_SUFFIX = "$(SFML_LINK_$(SFML_BINARY_TYPE)_SUFFIX)";
				SFML_NETWORK = "$(SFML_LINK_PREFIX) sfml-network$(SFML_LINK_SUFFIX)";
				SFML_SYSTEM = "$(SFML_LINK_PREFIX) sfml-system$(SFML_LINK_SUFFIX)";
				SFML_WINDOW = "$(SFML_LINK_PREFIX) sfml-window$(SFML_LINK_SUFFIX)";
				SUPPORTED_PLATFORMS = macosx;
			};
			name = Debug;
		};
		B3AA157B1A4AB145003B14E4 /* Release */ = {
			isa = XCBuildConfiguration;
			buildSettings = {
				ARCHS = (
					i386,
					x86_64,
				);
				CLANG_CXX_LANGUAGE_STANDARD = "c++0x";
				CLANG_CXX_LIBRARY = "libc++";
				FRAMEWORK_SEARCH_PATHS = (
					/Library/Frameworks/,
					"$(inherited)",
				);
				GCC_VERSION = com.apple.compilers.llvm.clang.1_0;
				HEADER_SEARCH_PATHS = (
					/usr/local/include/,
					"$(inherited)",
				);
				LIBRARY_SEARCH_PATHS = (
					/usr/local/lib/,
					"$(inherited)",
				);
				MACOSX_DEPLOYMENT_TARGET = 10.7;
				OTHER_LDFLAGS = (
					"$(inherited)",
					"$(SFML_SYSTEM)",
					"$(SFML_WINDOW)",
					"$(SFML_GRAPHICS)",
					"$(SFML_AUDIO)",
					"$(SFML_NETWORK)",
				);
				SFML_AUDIO = "$(SFML_LINK_PREFIX) sfml-audio$(SFML_LINK_SUFFIX)";
				SFML_BINARY_TYPE = FRAMEWORKS;
				SFML_GRAPHICS = "$(SFML_LINK_PREFIX) sfml-graphics$(SFML_LINK_SUFFIX)";
				SFML_LINK_DYLIBS_PREFIX = "-l";
				SFML_LINK_DYLIBS_SUFFIX = "";
				SFML_LINK_FRAMEWORKS_PREFIX = "-framework";
				SFML_LINK_FRAMEWORKS_SUFFIX = "";
				SFML_LINK_PREFIX = "$(SFML_LINK_$(SFML_BINARY_TYPE)_PREFIX)";
				SFML_LINK_SUFFIX = "$(SFML_LINK_$(SFML_BINARY_TYPE)_SUFFIX)";
				SFML_NETWORK = "$(SFML_LINK_PREFIX) sfml-network$(SFML_LINK_SUFFIX)";
				SFML_SYSTEM = "$(SFML_LINK_PREFIX) sfml-system$(SFML_LINK_SUFFIX)";
				SFML_WINDOW = "$(SFML_LINK_PREFIX) sfml-window$(SFML_LINK_SUFFIX)";
				SUPPORTED_PLATFORMS = macosx;
			};
			name = Release;
		};
		B3AA157D1A4AB145003B14E4 /* Debug */ = {
			isa = XCBuildConfiguration;
			buildSettings = {
				INFOPLIST_FILE = "laby/laby-Info.plist";
				LD_RUNPATH_SEARCH_PATHS = "@loader_path/../Frameworks";
				PRODUCT_NAME = "$(TARGET_NAME)";
			};
			name = Debug;
		};
		B3AA157E1A4AB145003B14E4 /* Release */ = {
			isa = XCBuildConfiguration;
			buildSettings = {
				INFOPLIST_FILE = "laby/laby-Info.plist";
				LD_RUNPATH_SEARCH_PATHS = "@loader_path/../Frameworks";
				PRODUCT_NAME = "$(TARGET_NAME)";
			};
			name = Release;
		};
/* End XCBuildConfiguration section */

/* Begin XCConfigurationList section */
		B3AA15611A4AB145003B14E4 /* Build configuration list for PBXProject "laby" */ = {
			isa = XCConfigurationList;
			buildConfigurations = (
				B3AA157A1A4AB145003B14E4 /* Debug */,
				B3AA157B1A4AB145003B14E4 /* Release */,
			);
			defaultConfigurationIsVisible = 0;
			defaultConfigurationName = Release;
		};
		B3AA157C1A4AB145003B14E4 /* Build configuration list for PBXNativeTarget "laby" */ = {
			isa = XCConfigurationList;
			buildConfigurations = (
				B3AA157D1A4AB145003B14E4 /* Debug */,
				B3AA157E1A4AB145003B14E4 /* Release */,
			);
			defaultConfigurationIsVisible = 0;
			defaultConfigurationName = Release;
		};
/* End XCConfigurationList section */
	};
	rootObject = B3AA155E1A4AB145003B14E4 /* Project object */;
}
